// !$*UTF8*$!
{
	archiveVersion = 1;
	classes = {
	};
	objectVersion = 46;
	objects = {

/* Begin PBXBuildFile section */
		748ACCB6E1BCBA91CA2DC5F1 /* Pods_Strawman.framework in Frameworks */ = {isa = PBXBuildFile; fileRef = A5B2C445A61D1644B875AEF2 /* Pods_Strawman.framework */; };
		915114051C53265400148A81 /* UserQRcodeViewController.swift in Sources */ = {isa = PBXBuildFile; fileRef = 915114041C53265400148A81 /* UserQRcodeViewController.swift */; };
		917CEB5C1C50B76F0092AE88 /* FbLoginViewController.swift in Sources */ = {isa = PBXBuildFile; fileRef = 917CEB4D1C50B76F0092AE88 /* FbLoginViewController.swift */; };
		917CEB5D1C50B76F0092AE88 /* BuyStep1ViewController.swift in Sources */ = {isa = PBXBuildFile; fileRef = 917CEB4E1C50B76F0092AE88 /* BuyStep1ViewController.swift */; };
		917CEB5E1C50B76F0092AE88 /* AboutMeNavController.swift in Sources */ = {isa = PBXBuildFile; fileRef = 917CEB4F1C50B76F0092AE88 /* AboutMeNavController.swift */; };
		917CEB5F1C50B76F0092AE88 /* MapViewController.swift in Sources */ = {isa = PBXBuildFile; fileRef = 917CEB501C50B76F0092AE88 /* MapViewController.swift */; };
		917CEB601C50B76F0092AE88 /* tabBarController.swift in Sources */ = {isa = PBXBuildFile; fileRef = 917CEB511C50B76F0092AE88 /* tabBarController.swift */; };
		917CEB611C50B76F0092AE88 /* F-BLoginViewController-old.swift in Sources */ = {isa = PBXBuildFile; fileRef = 917CEB521C50B76F0092AE88 /* F-BLoginViewController-old.swift */; };
		917CEB621C50B76F0092AE88 /* MyAnnotation.swift in Sources */ = {isa = PBXBuildFile; fileRef = 917CEB531C50B76F0092AE88 /* MyAnnotation.swift */; };
		917CEB631C50B76F0092AE88 /* AboutMetableViewController.swift in Sources */ = {isa = PBXBuildFile; fileRef = 917CEB541C50B76F0092AE88 /* AboutMetableViewController.swift */; };
		917CEB641C50B76F0092AE88 /* CookOnlieTableViewController.swift in Sources */ = {isa = PBXBuildFile; fileRef = 917CEB551C50B76F0092AE88 /* CookOnlieTableViewController.swift */; };
		917CEB651C50B76F0092AE88 /* CookTableViewCell.swift in Sources */ = {isa = PBXBuildFile; fileRef = 917CEB561C50B76F0092AE88 /* CookTableViewCell.swift */; };
		917CEB661C50B76F0092AE88 /* CookTableViewCell.xib in Resources */ = {isa = PBXBuildFile; fileRef = 917CEB571C50B76F0092AE88 /* CookTableViewCell.xib */; };
		917CEB671C50B76F0092AE88 /* ForCookNavController.swift in Sources */ = {isa = PBXBuildFile; fileRef = 917CEB581C50B76F0092AE88 /* ForCookNavController.swift */; };
		917CEB681C50B76F0092AE88 /* CookMovieViewController.swift in Sources */ = {isa = PBXBuildFile; fileRef = 917CEB591C50B76F0092AE88 /* CookMovieViewController.swift */; };
		917CEB691C50B76F0092AE88 /* MyOrderTableViewController.swift in Sources */ = {isa = PBXBuildFile; fileRef = 917CEB5A1C50B76F0092AE88 /* MyOrderTableViewController.swift */; };
		917CEB6A1C50B76F0092AE88 /* MyDataViewController.swift in Sources */ = {isa = PBXBuildFile; fileRef = 917CEB5B1C50B76F0092AE88 /* MyDataViewController.swift */; };
		917CEB6C1C50BAD20092AE88 /* LoginViewController.swift in Sources */ = {isa = PBXBuildFile; fileRef = 917CEB6B1C50BAD20092AE88 /* LoginViewController.swift */; };
		917CEB6E1C51C5AE0092AE88 /* user.swift in Sources */ = {isa = PBXBuildFile; fileRef = 917CEB6D1C51C5AE0092AE88 /* user.swift */; };
		91AD1FE91C4CB2BA004A6480 /* AppDelegate.swift in Sources */ = {isa = PBXBuildFile; fileRef = 91AD1FE81C4CB2BA004A6480 /* AppDelegate.swift */; };
		91AD20111C4CB4A5004A6480 /* Main.storyboard in Resources */ = {isa = PBXBuildFile; fileRef = 91AD20101C4CB4A5004A6480 /* Main.storyboard */; };
		91E481361C574E9400F2C673 /* data.swift in Sources */ = {isa = PBXBuildFile; fileRef = 91E481351C574E9400F2C673 /* data.swift */; };
		91E481381C58585200F2C673 /* MyOrderTableViewCell.swift in Sources */ = {isa = PBXBuildFile; fileRef = 91E481371C58585200F2C673 /* MyOrderTableViewCell.swift */; };
		91E4813C1C58A1DD00F2C673 /* UserLocation.swift in Sources */ = {isa = PBXBuildFile; fileRef = 91E4813B1C58A1DD00F2C673 /* UserLocation.swift */; };
		91E8E58F1C4D29D5002E587A /* Images.xcassets in Resources */ = {isa = PBXBuildFile; fileRef = 91E8E58E1C4D29D5002E587A /* Images.xcassets */; };
		91F00A541C53D19B005A9F66 /* VegeTableViewController.swift in Sources */ = {isa = PBXBuildFile; fileRef = 91F00A531C53D19B005A9F66 /* VegeTableViewController.swift */; };
		91F00A561C53DE4F005A9F66 /* vegeTableViewCell.swift in Sources */ = {isa = PBXBuildFile; fileRef = 91F00A551C53DE4F005A9F66 /* vegeTableViewCell.swift */; };
		91FFD42D1C4CA86400E93E72 /* Assets.xcassets in Resources */ = {isa = PBXBuildFile; fileRef = 91FFD4291C4CA86400E93E72 /* Assets.xcassets */; };
		91FFD42E1C4CA86400E93E72 /* LaunchScreen.storyboard in Resources */ = {isa = PBXBuildFile; fileRef = 91FFD42A1C4CA86400E93E72 /* LaunchScreen.storyboard */; };
/* End PBXBuildFile section */

/* Begin PBXFileReference section */
		0D2F3AA976FA26695CC97CB5 /* Pods-Strawman.debug.xcconfig */ = {isa = PBXFileReference; includeInIndex = 1; lastKnownFileType = text.xcconfig; name = "Pods-Strawman.debug.xcconfig"; path = "Pods/Target Support Files/Pods-Strawman/Pods-Strawman.debug.xcconfig"; sourceTree = "<group>"; };
		915114041C53265400148A81 /* UserQRcodeViewController.swift */ = {isa = PBXFileReference; fileEncoding = 4; lastKnownFileType = sourcecode.swift; path = UserQRcodeViewController.swift; sourceTree = "<group>"; };
		917CEB4D1C50B76F0092AE88 /* FbLoginViewController.swift */ = {isa = PBXFileReference; fileEncoding = 4; lastKnownFileType = sourcecode.swift; path = FbLoginViewController.swift; sourceTree = "<group>"; };
		917CEB4E1C50B76F0092AE88 /* BuyStep1ViewController.swift */ = {isa = PBXFileReference; fileEncoding = 4; lastKnownFileType = sourcecode.swift; path = BuyStep1ViewController.swift; sourceTree = "<group>"; };
		917CEB4F1C50B76F0092AE88 /* AboutMeNavController.swift */ = {isa = PBXFileReference; fileEncoding = 4; lastKnownFileType = sourcecode.swift; path = AboutMeNavController.swift; sourceTree = "<group>"; };
		917CEB501C50B76F0092AE88 /* MapViewController.swift */ = {isa = PBXFileReference; fileEncoding = 4; lastKnownFileType = sourcecode.swift; path = MapViewController.swift; sourceTree = "<group>"; };
		917CEB511C50B76F0092AE88 /* tabBarController.swift */ = {isa = PBXFileReference; fileEncoding = 4; lastKnownFileType = sourcecode.swift; path = tabBarController.swift; sourceTree = "<group>"; };
		917CEB521C50B76F0092AE88 /* F-BLoginViewController-old.swift */ = {isa = PBXFileReference; fileEncoding = 4; lastKnownFileType = sourcecode.swift; path = "F-BLoginViewController-old.swift"; sourceTree = "<group>"; };
		917CEB531C50B76F0092AE88 /* MyAnnotation.swift */ = {isa = PBXFileReference; fileEncoding = 4; lastKnownFileType = sourcecode.swift; path = MyAnnotation.swift; sourceTree = "<group>"; };
		917CEB541C50B76F0092AE88 /* AboutMetableViewController.swift */ = {isa = PBXFileReference; fileEncoding = 4; lastKnownFileType = sourcecode.swift; path = AboutMetableViewController.swift; sourceTree = "<group>"; };
		917CEB551C50B76F0092AE88 /* CookOnlieTableViewController.swift */ = {isa = PBXFileReference; fileEncoding = 4; lastKnownFileType = sourcecode.swift; path = CookOnlieTableViewController.swift; sourceTree = "<group>"; };
		917CEB561C50B76F0092AE88 /* CookTableViewCell.swift */ = {isa = PBXFileReference; fileEncoding = 4; lastKnownFileType = sourcecode.swift; path = CookTableViewCell.swift; sourceTree = "<group>"; };
		917CEB571C50B76F0092AE88 /* CookTableViewCell.xib */ = {isa = PBXFileReference; fileEncoding = 4; lastKnownFileType = file.xib; path = CookTableViewCell.xib; sourceTree = "<group>"; };
		917CEB581C50B76F0092AE88 /* ForCookNavController.swift */ = {isa = PBXFileReference; fileEncoding = 4; lastKnownFileType = sourcecode.swift; path = ForCookNavController.swift; sourceTree = "<group>"; };
		917CEB591C50B76F0092AE88 /* CookMovieViewController.swift */ = {isa = PBXFileReference; fileEncoding = 4; lastKnownFileType = sourcecode.swift; path = CookMovieViewController.swift; sourceTree = "<group>"; };
		917CEB5A1C50B76F0092AE88 /* MyOrderTableViewController.swift */ = {isa = PBXFileReference; fileEncoding = 4; lastKnownFileType = sourcecode.swift; path = MyOrderTableViewController.swift; sourceTree = "<group>"; };
		917CEB5B1C50B76F0092AE88 /* MyDataViewController.swift */ = {isa = PBXFileReference; fileEncoding = 4; lastKnownFileType = sourcecode.swift; path = MyDataViewController.swift; sourceTree = "<group>"; };
		917CEB6B1C50BAD20092AE88 /* LoginViewController.swift */ = {isa = PBXFileReference; fileEncoding = 4; lastKnownFileType = sourcecode.swift; path = LoginViewController.swift; sourceTree = "<group>"; };
		917CEB6D1C51C5AE0092AE88 /* user.swift */ = {isa = PBXFileReference; fileEncoding = 4; lastKnownFileType = sourcecode.swift; path = user.swift; sourceTree = "<group>"; };
		91AD1FE81C4CB2BA004A6480 /* AppDelegate.swift */ = {isa = PBXFileReference; fileEncoding = 4; lastKnownFileType = sourcecode.swift; path = AppDelegate.swift; sourceTree = "<group>"; };
		91AD20101C4CB4A5004A6480 /* Main.storyboard */ = {isa = PBXFileReference; fileEncoding = 4; lastKnownFileType = file.storyboard; path = Main.storyboard; sourceTree = "<group>"; };
		91E481351C574E9400F2C673 /* data.swift */ = {isa = PBXFileReference; fileEncoding = 4; lastKnownFileType = sourcecode.swift; path = data.swift; sourceTree = "<group>"; };
		91E481371C58585200F2C673 /* MyOrderTableViewCell.swift */ = {isa = PBXFileReference; fileEncoding = 4; lastKnownFileType = sourcecode.swift; path = MyOrderTableViewCell.swift; sourceTree = "<group>"; };
		91E4813B1C58A1DD00F2C673 /* UserLocation.swift */ = {isa = PBXFileReference; fileEncoding = 4; lastKnownFileType = sourcecode.swift; path = UserLocation.swift; sourceTree = "<group>"; };
		91E8E5341C4D123C002E587A /* Strawman-Bridging-Header.h */ = {isa = PBXFileReference; lastKnownFileType = sourcecode.c.h; path = "Strawman-Bridging-Header.h"; sourceTree = "<group>"; };
		91E8E58E1C4D29D5002E587A /* Images.xcassets */ = {isa = PBXFileReference; lastKnownFileType = folder.assetcatalog; path = Images.xcassets; sourceTree = "<group>"; };
		91F00A531C53D19B005A9F66 /* VegeTableViewController.swift */ = {isa = PBXFileReference; fileEncoding = 4; lastKnownFileType = sourcecode.swift; path = VegeTableViewController.swift; sourceTree = "<group>"; };
		91F00A551C53DE4F005A9F66 /* vegeTableViewCell.swift */ = {isa = PBXFileReference; fileEncoding = 4; lastKnownFileType = sourcecode.swift; path = vegeTableViewCell.swift; sourceTree = "<group>"; };
		91FFD4141C4CA81000E93E72 /* Strawman.app */ = {isa = PBXFileReference; explicitFileType = wrapper.application; includeInIndex = 0; path = Strawman.app; sourceTree = BUILT_PRODUCTS_DIR; };
		91FFD4291C4CA86400E93E72 /* Assets.xcassets */ = {isa = PBXFileReference; lastKnownFileType = folder.assetcatalog; path = Assets.xcassets; sourceTree = "<group>"; };
		91FFD42A1C4CA86400E93E72 /* LaunchScreen.storyboard */ = {isa = PBXFileReference; fileEncoding = 4; lastKnownFileType = file.storyboard; path = LaunchScreen.storyboard; sourceTree = "<group>"; };
		91FFD42B1C4CA86400E93E72 /* Info.plist */ = {isa = PBXFileReference; fileEncoding = 4; lastKnownFileType = text.plist.xml; path = Info.plist; sourceTree = "<group>"; };
		A5B2C445A61D1644B875AEF2 /* Pods_Strawman.framework */ = {isa = PBXFileReference; explicitFileType = wrapper.framework; includeInIndex = 0; path = Pods_Strawman.framework; sourceTree = BUILT_PRODUCTS_DIR; };
		F76447A45D41F98A4B46B5B3 /* Pods-Strawman.release.xcconfig */ = {isa = PBXFileReference; includeInIndex = 1; lastKnownFileType = text.xcconfig; name = "Pods-Strawman.release.xcconfig"; path = "Pods/Target Support Files/Pods-Strawman/Pods-Strawman.release.xcconfig"; sourceTree = "<group>"; };
/* End PBXFileReference section */

/* Begin PBXFrameworksBuildPhase section */
		91FFD4111C4CA81000E93E72 /* Frameworks */ = {
			isa = PBXFrameworksBuildPhase;
			buildActionMask = 2147483647;
			files = (
				748ACCB6E1BCBA91CA2DC5F1 /* Pods_Strawman.framework in Frameworks */,
			);
			runOnlyForDeploymentPostprocessing = 0;
		};
/* End PBXFrameworksBuildPhase section */

/* Begin PBXGroup section */
		73EF2EBC73B8FFDE27BAFF6D /* Pods */ = {
			isa = PBXGroup;
			children = (
				0D2F3AA976FA26695CC97CB5 /* Pods-Strawman.debug.xcconfig */,
				F76447A45D41F98A4B46B5B3 /* Pods-Strawman.release.xcconfig */,
			);
			name = Pods;
			sourceTree = "<group>";
		};
		917CEB4C1C50B72A0092AE88 /* view */ = {
			isa = PBXGroup;
			children = (
				917CEB4D1C50B76F0092AE88 /* FbLoginViewController.swift */,
				917CEB6B1C50BAD20092AE88 /* LoginViewController.swift */,
				915114041C53265400148A81 /* UserQRcodeViewController.swift */,
				917CEB5A1C50B76F0092AE88 /* MyOrderTableViewController.swift */,
				91E481371C58585200F2C673 /* MyOrderTableViewCell.swift */,
				917CEB541C50B76F0092AE88 /* AboutMetableViewController.swift */,
				917CEB4E1C50B76F0092AE88 /* BuyStep1ViewController.swift */,
				917CEB4F1C50B76F0092AE88 /* AboutMeNavController.swift */,
				917CEB501C50B76F0092AE88 /* MapViewController.swift */,
				917CEB511C50B76F0092AE88 /* tabBarController.swift */,
				917CEB521C50B76F0092AE88 /* F-BLoginViewController-old.swift */,
				917CEB531C50B76F0092AE88 /* MyAnnotation.swift */,
				917CEB551C50B76F0092AE88 /* CookOnlieTableViewController.swift */,
				91F00A551C53DE4F005A9F66 /* vegeTableViewCell.swift */,
				91F00A531C53D19B005A9F66 /* VegeTableViewController.swift */,
				917CEB561C50B76F0092AE88 /* CookTableViewCell.swift */,
				917CEB571C50B76F0092AE88 /* CookTableViewCell.xib */,
				917CEB581C50B76F0092AE88 /* ForCookNavController.swift */,
				917CEB591C50B76F0092AE88 /* CookMovieViewController.swift */,
				917CEB5B1C50B76F0092AE88 /* MyDataViewController.swift */,
			);
			name = view;
			sourceTree = "<group>";
		};
		91FFD40B1C4CA81000E93E72 = {
			isa = PBXGroup;
			children = (
				91FFD4161C4CA81000E93E72 /* Strawman */,
				91FFD4151C4CA81000E93E72 /* Products */,
				73EF2EBC73B8FFDE27BAFF6D /* Pods */,
				F98DD07F82DB18B761A671D0 /* Frameworks */,
			);
			sourceTree = "<group>";
		};
		91FFD4151C4CA81000E93E72 /* Products */ = {
			isa = PBXGroup;
			children = (
				91FFD4141C4CA81000E93E72 /* Strawman.app */,
			);
			name = Products;
			sourceTree = "<group>";
		};
		91FFD4161C4CA81000E93E72 /* Strawman */ = {
			isa = PBXGroup;
			children = (
				917CEB4C1C50B72A0092AE88 /* view */,
				91AD20101C4CB4A5004A6480 /* Main.storyboard */,
				91AD1FE81C4CB2BA004A6480 /* AppDelegate.swift */,
				91E481351C574E9400F2C673 /* data.swift */,
				91E4813B1C58A1DD00F2C673 /* UserLocation.swift */,
				917CEB6D1C51C5AE0092AE88 /* user.swift */,
				91E8E58E1C4D29D5002E587A /* Images.xcassets */,
				91FFD4291C4CA86400E93E72 /* Assets.xcassets */,
				91FFD42A1C4CA86400E93E72 /* LaunchScreen.storyboard */,
				91E8E5341C4D123C002E587A /* Strawman-Bridging-Header.h */,
				91FFD42B1C4CA86400E93E72 /* Info.plist */,
			);
			path = Strawman;
			sourceTree = "<group>";
		};
		F98DD07F82DB18B761A671D0 /* Frameworks */ = {
			isa = PBXGroup;
			children = (
				A5B2C445A61D1644B875AEF2 /* Pods_Strawman.framework */,
			);
			name = Frameworks;
			sourceTree = "<group>";
		};
/* End PBXGroup section */

/* Begin PBXNativeTarget section */
		91FFD4131C4CA81000E93E72 /* Strawman */ = {
			isa = PBXNativeTarget;
			buildConfigurationList = 91FFD4261C4CA81000E93E72 /* Build configuration list for PBXNativeTarget "Strawman" */;
			buildPhases = (
				B7BAE90BCF7E75C4847BD991 /* Check Pods Manifest.lock */,
				91FFD4101C4CA81000E93E72 /* Sources */,
				91FFD4111C4CA81000E93E72 /* Frameworks */,
				91FFD4121C4CA81000E93E72 /* Resources */,
				B027861031DABBD9FA794E3E /* Embed Pods Frameworks */,
				265F8369E1BA2CA05A6FAE48 /* Copy Pods Resources */,
			);
			buildRules = (
			);
			dependencies = (
			);
			name = Strawman;
			productName = Strawman;
			productReference = 91FFD4141C4CA81000E93E72 /* Strawman.app */;
			productType = "com.apple.product-type.application";
		};
/* End PBXNativeTarget section */

/* Begin PBXProject section */
		91FFD40C1C4CA81000E93E72 /* Project object */ = {
			isa = PBXProject;
			attributes = {
				LastSwiftUpdateCheck = 0720;
				LastUpgradeCheck = 0720;
				ORGANIZATIONNAME = alphacamp;
				TargetAttributes = {
					91FFD4131C4CA81000E93E72 = {
						CreatedOnToolsVersion = 7.2;
						DevelopmentTeam = 8H7X36TF25;
						SystemCapabilities = {
							com.apple.Push = {
								enabled = 1;
							};
						};
					};
				};
			};
			buildConfigurationList = 91FFD40F1C4CA81000E93E72 /* Build configuration list for PBXProject "Strawman" */;
			compatibilityVersion = "Xcode 3.2";
			developmentRegion = English;
			hasScannedForEncodings = 0;
			knownRegions = (
				en,
				Base,
			);
			mainGroup = 91FFD40B1C4CA81000E93E72;
			productRefGroup = 91FFD4151C4CA81000E93E72 /* Products */;
			projectDirPath = "";
			projectRoot = "";
			targets = (
				91FFD4131C4CA81000E93E72 /* Strawman */,
			);
		};
/* End PBXProject section */

/* Begin PBXResourcesBuildPhase section */
		91FFD4121C4CA81000E93E72 /* Resources */ = {
			isa = PBXResourcesBuildPhase;
			buildActionMask = 2147483647;
			files = (
				91FFD42D1C4CA86400E93E72 /* Assets.xcassets in Resources */,
				91E8E58F1C4D29D5002E587A /* Images.xcassets in Resources */,
				91AD20111C4CB4A5004A6480 /* Main.storyboard in Resources */,
				917CEB661C50B76F0092AE88 /* CookTableViewCell.xib in Resources */,
				91FFD42E1C4CA86400E93E72 /* LaunchScreen.storyboard in Resources */,
			);
			runOnlyForDeploymentPostprocessing = 0;
		};
/* End PBXResourcesBuildPhase section */

/* Begin PBXShellScriptBuildPhase section */
		265F8369E1BA2CA05A6FAE48 /* Copy Pods Resources */ = {
			isa = PBXShellScriptBuildPhase;
			buildActionMask = 2147483647;
			files = (
			);
			inputPaths = (
			);
			name = "Copy Pods Resources";
			outputPaths = (
			);
			runOnlyForDeploymentPostprocessing = 0;
			shellPath = /bin/sh;
			shellScript = "\"${SRCROOT}/Pods/Target Support Files/Pods-Strawman/Pods-Strawman-resources.sh\"\n";
			showEnvVarsInLog = 0;
		};
		B027861031DABBD9FA794E3E /* Embed Pods Frameworks */ = {
			isa = PBXShellScriptBuildPhase;
			buildActionMask = 2147483647;
			files = (
			);
			inputPaths = (
			);
			name = "Embed Pods Frameworks";
			outputPaths = (
			);
			runOnlyForDeploymentPostprocessing = 0;
			shellPath = /bin/sh;
			shellScript = "\"${SRCROOT}/Pods/Target Support Files/Pods-Strawman/Pods-Strawman-frameworks.sh\"\n";
			showEnvVarsInLog = 0;
		};
		B7BAE90BCF7E75C4847BD991 /* Check Pods Manifest.lock */ = {
			isa = PBXShellScriptBuildPhase;
			buildActionMask = 2147483647;
			files = (
			);
			inputPaths = (
			);
			name = "Check Pods Manifest.lock";
			outputPaths = (
			);
			runOnlyForDeploymentPostprocessing = 0;
			shellPath = /bin/sh;
			shellScript = "diff \"${PODS_ROOT}/../Podfile.lock\" \"${PODS_ROOT}/Manifest.lock\" > /dev/null\nif [[ $? != 0 ]] ; then\n    cat << EOM\nerror: The sandbox is not in sync with the Podfile.lock. Run 'pod install' or update your CocoaPods installation.\nEOM\n    exit 1\nfi\n";
			showEnvVarsInLog = 0;
		};
/* End PBXShellScriptBuildPhase section */

/* Begin PBXSourcesBuildPhase section */
		91FFD4101C4CA81000E93E72 /* Sources */ = {
			isa = PBXSourcesBuildPhase;
			buildActionMask = 2147483647;
			files = (
				917CEB5C1C50B76F0092AE88 /* FbLoginViewController.swift in Sources */,
				915114051C53265400148A81 /* UserQRcodeViewController.swift in Sources */,
				917CEB681C50B76F0092AE88 /* CookMovieViewController.swift in Sources */,
				917CEB601C50B76F0092AE88 /* tabBarController.swift in Sources */,
				91F00A561C53DE4F005A9F66 /* vegeTableViewCell.swift in Sources */,
				917CEB631C50B76F0092AE88 /* AboutMetableViewController.swift in Sources */,
				917CEB641C50B76F0092AE88 /* CookOnlieTableViewController.swift in Sources */,
				917CEB6E1C51C5AE0092AE88 /* user.swift in Sources */,
				917CEB651C50B76F0092AE88 /* CookTableViewCell.swift in Sources */,
				91AD1FE91C4CB2BA004A6480 /* AppDelegate.swift in Sources */,
				91E4813C1C58A1DD00F2C673 /* UserLocation.swift in Sources */,
				917CEB5D1C50B76F0092AE88 /* BuyStep1ViewController.swift in Sources */,
				917CEB5F1C50B76F0092AE88 /* MapViewController.swift in Sources */,
				917CEB5E1C50B76F0092AE88 /* AboutMeNavController.swift in Sources */,
				917CEB671C50B76F0092AE88 /* ForCookNavController.swift in Sources */,
				917CEB621C50B76F0092AE88 /* MyAnnotation.swift in Sources */,
				917CEB6C1C50BAD20092AE88 /* LoginViewController.swift in Sources */,
				917CEB691C50B76F0092AE88 /* MyOrderTableViewController.swift in Sources */,
				91F00A541C53D19B005A9F66 /* VegeTableViewController.swift in Sources */,
				917CEB611C50B76F0092AE88 /* F-BLoginViewController-old.swift in Sources */,
				91E481361C574E9400F2C673 /* data.swift in Sources */,
				91E481381C58585200F2C673 /* MyOrderTableViewCell.swift in Sources */,
				917CEB6A1C50B76F0092AE88 /* MyDataViewController.swift in Sources */,
			);
			runOnlyForDeploymentPostprocessing = 0;
		};
/* End PBXSourcesBuildPhase section */

/* Begin XCBuildConfiguration section */
		91FFD4241C4CA81000E93E72 /* Debug */ = {
			isa = XCBuildConfiguration;
			buildSettings = {
				ALWAYS_SEARCH_USER_PATHS = NO;
				CLANG_CXX_LANGUAGE_STANDARD = "gnu++0x";
				CLANG_CXX_LIBRARY = "libc++";
				CLANG_ENABLE_MODULES = YES;
				CLANG_ENABLE_OBJC_ARC = YES;
				CLANG_WARN_BOOL_CONVERSION = YES;
				CLANG_WARN_CONSTANT_CONVERSION = YES;
				CLANG_WARN_DIRECT_OBJC_ISA_USAGE = YES_ERROR;
				CLANG_WARN_EMPTY_BODY = YES;
				CLANG_WARN_ENUM_CONVERSION = YES;
				CLANG_WARN_INT_CONVERSION = YES;
				CLANG_WARN_OBJC_ROOT_CLASS = YES_ERROR;
				CLANG_WARN_UNREACHABLE_CODE = YES;
				CLANG_WARN__DUPLICATE_METHOD_MATCH = YES;
				"CODE_SIGN_IDENTITY[sdk=iphoneos*]" = "iPhone Developer";
				COPY_PHASE_STRIP = NO;
				DEBUG_INFORMATION_FORMAT = dwarf;
				ENABLE_STRICT_OBJC_MSGSEND = YES;
				ENABLE_TESTABILITY = YES;
				GCC_C_LANGUAGE_STANDARD = gnu99;
				GCC_DYNAMIC_NO_PIC = NO;
				GCC_NO_COMMON_BLOCKS = YES;
				GCC_OPTIMIZATION_LEVEL = 0;
				GCC_PREPROCESSOR_DEFINITIONS = (
					"DEBUG=1",
					"$(inherited)",
				);
				GCC_WARN_64_TO_32_BIT_CONVERSION = YES;
				GCC_WARN_ABOUT_RETURN_TYPE = YES_ERROR;
				GCC_WARN_UNDECLARED_SELECTOR = YES;
				GCC_WARN_UNINITIALIZED_AUTOS = YES_AGGRESSIVE;
				GCC_WARN_UNUSED_FUNCTION = YES;
				GCC_WARN_UNUSED_VARIABLE = YES;
				IPHONEOS_DEPLOYMENT_TARGET = 9.2;
				MTL_ENABLE_DEBUG_INFO = YES;
				ONLY_ACTIVE_ARCH = YES;
				SDKROOT = iphoneos;
				SWIFT_OPTIMIZATION_LEVEL = "-Onone";
			};
			name = Debug;
		};
		91FFD4251C4CA81000E93E72 /* Release */ = {
			isa = XCBuildConfiguration;
			buildSettings = {
				ALWAYS_SEARCH_USER_PATHS = NO;
				CLANG_CXX_LANGUAGE_STANDARD = "gnu++0x";
				CLANG_CXX_LIBRARY = "libc++";
				CLANG_ENABLE_MODULES = YES;
				CLANG_ENABLE_OBJC_ARC = YES;
				CLANG_WARN_BOOL_CONVERSION = YES;
				CLANG_WARN_CONSTANT_CONVERSION = YES;
				CLANG_WARN_DIRECT_OBJC_ISA_USAGE = YES_ERROR;
				CLANG_WARN_EMPTY_BODY = YES;
				CLANG_WARN_ENUM_CONVERSION = YES;
				CLANG_WARN_INT_CONVERSION = YES;
				CLANG_WARN_OBJC_ROOT_CLASS = YES_ERROR;
				CLANG_WARN_UNREACHABLE_CODE = YES;
				CLANG_WARN__DUPLICATE_METHOD_MATCH = YES;
				"CODE_SIGN_IDENTITY[sdk=iphoneos*]" = "iPhone Developer";
				COPY_PHASE_STRIP = NO;
				DEBUG_INFORMATION_FORMAT = "dwarf-with-dsym";
				ENABLE_NS_ASSERTIONS = NO;
				ENABLE_STRICT_OBJC_MSGSEND = YES;
				GCC_C_LANGUAGE_STANDARD = gnu99;
				GCC_NO_COMMON_BLOCKS = YES;
				GCC_WARN_64_TO_32_BIT_CONVERSION = YES;
				GCC_WARN_ABOUT_RETURN_TYPE = YES_ERROR;
				GCC_WARN_UNDECLARED_SELECTOR = YES;
				GCC_WARN_UNINITIALIZED_AUTOS = YES_AGGRESSIVE;
				GCC_WARN_UNUSED_FUNCTION = YES;
				GCC_WARN_UNUSED_VARIABLE = YES;
				IPHONEOS_DEPLOYMENT_TARGET = 9.2;
				MTL_ENABLE_DEBUG_INFO = NO;
				SDKROOT = iphoneos;
				VALIDATE_PRODUCT = YES;
			};
			name = Release;
		};
		91FFD4271C4CA81000E93E72 /* Debug */ = {
			isa = XCBuildConfiguration;
			baseConfigurationReference = 0D2F3AA976FA26695CC97CB5 /* Pods-Strawman.debug.xcconfig */;
			buildSettings = {
				ASSETCATALOG_COMPILER_APPICON_NAME = AppIcon;
				ASSETCATALOG_COMPILER_LAUNCHIMAGE_NAME = "Brand Assets";
				CLANG_ENABLE_MODULES = YES;
				CODE_SIGN_IDENTITY = "iPhone Developer";
				INFOPLIST_FILE = Strawman/Info.plist;
				LD_RUNPATH_SEARCH_PATHS = "$(inherited) @executable_path/Frameworks";
				PRODUCT_BUNDLE_IDENTIFIER = com.alphacamp.Strawman;
				PRODUCT_NAME = "$(TARGET_NAME)";
				SWIFT_OBJC_BRIDGING_HEADER = "Strawman/Strawman-Bridging-Header.h";
				SWIFT_OPTIMIZATION_LEVEL = "-Onone";
			};
			name = Debug;
		};
		91FFD4281C4CA81000E93E72 /* Release */ = {
			isa = XCBuildConfiguration;
			baseConfigurationReference = F76447A45D41F98A4B46B5B3 /* Pods-Strawman.release.xcconfig */;
			buildSettings = {
				ASSETCATALOG_COMPILER_APPICON_NAME = AppIcon;
				ASSETCATALOG_COMPILER_LAUNCHIMAGE_NAME = "Brand Assets";
				CLANG_ENABLE_MODULES = YES;
				CODE_SIGN_IDENTITY = "iPhone Developer";
				INFOPLIST_FILE = Strawman/Info.plist;
				LD_RUNPATH_SEARCH_PATHS = "$(inherited) @executable_path/Frameworks";
				PRODUCT_BUNDLE_IDENTIFIER = com.alphacamp.Strawman;
				PRODUCT_NAME = "$(TARGET_NAME)";
				SWIFT_OBJC_BRIDGING_HEADER = "Strawman/Strawman-Bridging-Header.h";
			};
			name = Release;
		};
/* End XCBuildConfiguration section */

/* Begin XCConfigurationList section */
		91FFD40F1C4CA81000E93E72 /* Build configuration list for PBXProject "Strawman" */ = {
			isa = XCConfigurationList;
			buildConfigurations = (
				91FFD4241C4CA81000E93E72 /* Debug */,
				91FFD4251C4CA81000E93E72 /* Release */,
			);
			defaultConfigurationIsVisible = 0;
			defaultConfigurationName = Debug;
		};
		91FFD4261C4CA81000E93E72 /* Build configuration list for PBXNativeTarget "Strawman" */ = {
			isa = XCConfigurationList;
			buildConfigurations = (
				91FFD4271C4CA81000E93E72 /* Debug */,
				91FFD4281C4CA81000E93E72 /* Release */,
			);
			defaultConfigurationIsVisible = 0;
			defaultConfigurationName = Debug;
		};
/* End XCConfigurationList section */
	};
	rootObject = 91FFD40C1C4CA81000E93E72 /* Project object */;
}
