// !$*UTF8*$!
{
	archiveVersion = 1;
	classes = {
	};
	objectVersion = 46;
	objects = {

/* Begin PBXBuildFile section */
		748ACCB6E1BCBA91CA2DC5F1 /* Pods_Strawman.framework in Frameworks */ = {isa = PBXBuildFile; fileRef = A5B2C445A61D1644B875AEF2 /* Pods_Strawman.framework */; };
		91AD1FE91C4CB2BA004A6480 /* AppDelegate.swift in Sources */ = {isa = PBXBuildFile; fileRef = 91AD1FE81C4CB2BA004A6480 /* AppDelegate.swift */; };
		91AD200B1C4CB416004A6480 /* vagetable.swift in Sources */ = {isa = PBXBuildFile; fileRef = 91AD20081C4CB416004A6480 /* vagetable.swift */; };
		91AD200C1C4CB416004A6480 /* vageList.swift in Sources */ = {isa = PBXBuildFile; fileRef = 91AD20091C4CB416004A6480 /* vageList.swift */; };
		91AD200F1C4CB43F004A6480 /* DataModal.swift in Sources */ = {isa = PBXBuildFile; fileRef = 91AD200E1C4CB43F004A6480 /* DataModal.swift */; };
		91AD20111C4CB4A5004A6480 /* Main.storyboard in Resources */ = {isa = PBXBuildFile; fileRef = 91AD20101C4CB4A5004A6480 /* Main.storyboard */; };
		91E8E57F1C4D2954002E587A /* FbLoginViewController.swift in Sources */ = {isa = PBXBuildFile; fileRef = 91E8E5701C4D2954002E587A /* FbLoginViewController.swift */; };
		91E8E5801C4D2954002E587A /* BuyStep1ViewController.swift in Sources */ = {isa = PBXBuildFile; fileRef = 91E8E5711C4D2954002E587A /* BuyStep1ViewController.swift */; };
		91E8E5811C4D2954002E587A /* AboutMeNavController.swift in Sources */ = {isa = PBXBuildFile; fileRef = 91E8E5721C4D2954002E587A /* AboutMeNavController.swift */; };
		91E8E5821C4D2954002E587A /* MapViewController.swift in Sources */ = {isa = PBXBuildFile; fileRef = 91E8E5731C4D2954002E587A /* MapViewController.swift */; };
		91E8E5831C4D2954002E587A /* tabBarController.swift in Sources */ = {isa = PBXBuildFile; fileRef = 91E8E5741C4D2954002E587A /* tabBarController.swift */; };
		91E8E5841C4D2954002E587A /* F-BLoginViewController-old.swift in Sources */ = {isa = PBXBuildFile; fileRef = 91E8E5751C4D2954002E587A /* F-BLoginViewController-old.swift */; };
		91E8E5851C4D2954002E587A /* MyAnnotation.swift in Sources */ = {isa = PBXBuildFile; fileRef = 91E8E5761C4D2954002E587A /* MyAnnotation.swift */; };
		91E8E5861C4D2954002E587A /* AboutMetableViewController.swift in Sources */ = {isa = PBXBuildFile; fileRef = 91E8E5771C4D2954002E587A /* AboutMetableViewController.swift */; };
		91E8E5871C4D2954002E587A /* CookOnlieTableViewController.swift in Sources */ = {isa = PBXBuildFile; fileRef = 91E8E5781C4D2954002E587A /* CookOnlieTableViewController.swift */; };
		91E8E5881C4D2954002E587A /* CookTableViewCell.swift in Sources */ = {isa = PBXBuildFile; fileRef = 91E8E5791C4D2954002E587A /* CookTableViewCell.swift */; };
		91E8E5891C4D2954002E587A /* CookTableViewCell.xib in Resources */ = {isa = PBXBuildFile; fileRef = 91E8E57A1C4D2954002E587A /* CookTableViewCell.xib */; };
		91E8E58A1C4D2954002E587A /* ForCookNavController.swift in Sources */ = {isa = PBXBuildFile; fileRef = 91E8E57B1C4D2954002E587A /* ForCookNavController.swift */; };
		91E8E58B1C4D2954002E587A /* CookMovieViewController.swift in Sources */ = {isa = PBXBuildFile; fileRef = 91E8E57C1C4D2954002E587A /* CookMovieViewController.swift */; };
		91E8E58C1C4D2954002E587A /* MyOrderTableViewController.swift in Sources */ = {isa = PBXBuildFile; fileRef = 91E8E57D1C4D2954002E587A /* MyOrderTableViewController.swift */; };
		91E8E58D1C4D2954002E587A /* MyDataViewController.swift in Sources */ = {isa = PBXBuildFile; fileRef = 91E8E57E1C4D2954002E587A /* MyDataViewController.swift */; };
		91E8E58F1C4D29D5002E587A /* Images.xcassets in Resources */ = {isa = PBXBuildFile; fileRef = 91E8E58E1C4D29D5002E587A /* Images.xcassets */; };
		91FFD42D1C4CA86400E93E72 /* Assets.xcassets in Resources */ = {isa = PBXBuildFile; fileRef = 91FFD4291C4CA86400E93E72 /* Assets.xcassets */; };
		91FFD42E1C4CA86400E93E72 /* LaunchScreen.storyboard in Resources */ = {isa = PBXBuildFile; fileRef = 91FFD42A1C4CA86400E93E72 /* LaunchScreen.storyboard */; };
/* End PBXBuildFile section */

/* Begin PBXFileReference section */
		0D2F3AA976FA26695CC97CB5 /* Pods-Strawman.debug.xcconfig */ = {isa = PBXFileReference; includeInIndex = 1; lastKnownFileType = text.xcconfig; name = "Pods-Strawman.debug.xcconfig"; path = "Pods/Target Support Files/Pods-Strawman/Pods-Strawman.debug.xcconfig"; sourceTree = "<group>"; };
		91AD1FE81C4CB2BA004A6480 /* AppDelegate.swift */ = {isa = PBXFileReference; fileEncoding = 4; lastKnownFileType = sourcecode.swift; path = AppDelegate.swift; sourceTree = "<group>"; };
		91AD20081C4CB416004A6480 /* vagetable.swift */ = {isa = PBXFileReference; fileEncoding = 4; lastKnownFileType = sourcecode.swift; path = vagetable.swift; sourceTree = SOURCE_ROOT; };
		91AD20091C4CB416004A6480 /* vageList.swift */ = {isa = PBXFileReference; fileEncoding = 4; lastKnownFileType = sourcecode.swift; path = vageList.swift; sourceTree = SOURCE_ROOT; };
		91AD200E1C4CB43F004A6480 /* DataModal.swift */ = {isa = PBXFileReference; fileEncoding = 4; lastKnownFileType = sourcecode.swift; path = DataModal.swift; sourceTree = SOURCE_ROOT; };
		91AD20101C4CB4A5004A6480 /* Main.storyboard */ = {isa = PBXFileReference; fileEncoding = 4; lastKnownFileType = file.storyboard; path = Main.storyboard; sourceTree = "<group>"; };
		91E8E5341C4D123C002E587A /* Strawman-Bridging-Header.h */ = {isa = PBXFileReference; lastKnownFileType = sourcecode.c.h; path = "Strawman-Bridging-Header.h"; sourceTree = "<group>"; };
		91E8E5701C4D2954002E587A /* FbLoginViewController.swift */ = {isa = PBXFileReference; fileEncoding = 4; lastKnownFileType = sourcecode.swift; name = FbLoginViewController.swift; path = "../../xcode-swift/oldStrawmanOldFile/Strawman/vagetableSale/FbLoginViewController.swift"; sourceTree = "<group>"; };
		91E8E5711C4D2954002E587A /* BuyStep1ViewController.swift */ = {isa = PBXFileReference; fileEncoding = 4; lastKnownFileType = sourcecode.swift; name = BuyStep1ViewController.swift; path = "../../xcode-swift/oldStrawmanOldFile/Strawman/BuyStep1ViewController.swift"; sourceTree = "<group>"; };
		91E8E5721C4D2954002E587A /* AboutMeNavController.swift */ = {isa = PBXFileReference; fileEncoding = 4; lastKnownFileType = sourcecode.swift; name = AboutMeNavController.swift; path = "../../xcode-swift/oldStrawmanOldFile/Strawman/AboutMeNavController.swift"; sourceTree = "<group>"; };
		91E8E5731C4D2954002E587A /* MapViewController.swift */ = {isa = PBXFileReference; fileEncoding = 4; lastKnownFileType = sourcecode.swift; name = MapViewController.swift; path = "../../xcode-swift/oldStrawmanOldFile/Strawman/vagetableSale/MapViewController.swift"; sourceTree = "<group>"; };
		91E8E5741C4D2954002E587A /* tabBarController.swift */ = {isa = PBXFileReference; fileEncoding = 4; lastKnownFileType = sourcecode.swift; name = tabBarController.swift; path = "../../xcode-swift/oldStrawmanOldFile/Strawman/tabBarController.swift"; sourceTree = "<group>"; };
		91E8E5751C4D2954002E587A /* F-BLoginViewController-old.swift */ = {isa = PBXFileReference; fileEncoding = 4; lastKnownFileType = sourcecode.swift; name = "F-BLoginViewController-old.swift"; path = "../../xcode-swift/oldStrawmanOldFile/Strawman/vagetableSale/F-BLoginViewController-old.swift"; sourceTree = "<group>"; };
		91E8E5761C4D2954002E587A /* MyAnnotation.swift */ = {isa = PBXFileReference; fileEncoding = 4; lastKnownFileType = sourcecode.swift; name = MyAnnotation.swift; path = "../../xcode-swift/oldStrawmanOldFile/Strawman/vagetableSale/MyAnnotation.swift"; sourceTree = "<group>"; };
		91E8E5771C4D2954002E587A /* AboutMetableViewController.swift */ = {isa = PBXFileReference; fileEncoding = 4; lastKnownFileType = sourcecode.swift; name = AboutMetableViewController.swift; path = "../../xcode-swift/oldStrawmanOldFile/Strawman/AboutMetableViewController.swift"; sourceTree = "<group>"; };
		91E8E5781C4D2954002E587A /* CookOnlieTableViewController.swift */ = {isa = PBXFileReference; fileEncoding = 4; lastKnownFileType = sourcecode.swift; name = CookOnlieTableViewController.swift; path = "../../xcode-swift/oldStrawmanOldFile/Strawman/CookOnlieTableViewController.swift"; sourceTree = "<group>"; };
		91E8E5791C4D2954002E587A /* CookTableViewCell.swift */ = {isa = PBXFileReference; fileEncoding = 4; lastKnownFileType = sourcecode.swift; name = CookTableViewCell.swift; path = "../../xcode-swift/oldStrawmanOldFile/Strawman/CookTableViewCell.swift"; sourceTree = "<group>"; };
		91E8E57A1C4D2954002E587A /* CookTableViewCell.xib */ = {isa = PBXFileReference; fileEncoding = 4; lastKnownFileType = file.xib; name = CookTableViewCell.xib; path = "../../xcode-swift/oldStrawmanOldFile/Strawman/CookTableViewCell.xib"; sourceTree = "<group>"; };
		91E8E57B1C4D2954002E587A /* ForCookNavController.swift */ = {isa = PBXFileReference; fileEncoding = 4; lastKnownFileType = sourcecode.swift; name = ForCookNavController.swift; path = "../../xcode-swift/oldStrawmanOldFile/Strawman/ForCookNavController.swift"; sourceTree = "<group>"; };
		91E8E57C1C4D2954002E587A /* CookMovieViewController.swift */ = {isa = PBXFileReference; fileEncoding = 4; lastKnownFileType = sourcecode.swift; name = CookMovieViewController.swift; path = "../../xcode-swift/oldStrawmanOldFile/Strawman/CookMovieViewController.swift"; sourceTree = "<group>"; };
		91E8E57D1C4D2954002E587A /* MyOrderTableViewController.swift */ = {isa = PBXFileReference; fileEncoding = 4; lastKnownFileType = sourcecode.swift; name = MyOrderTableViewController.swift; path = "../../xcode-swift/oldStrawmanOldFile/Strawman/vagetableSale/MyOrderTableViewController.swift"; sourceTree = "<group>"; };
		91E8E57E1C4D2954002E587A /* MyDataViewController.swift */ = {isa = PBXFileReference; fileEncoding = 4; lastKnownFileType = sourcecode.swift; name = MyDataViewController.swift; path = "../../xcode-swift/oldStrawmanOldFile/Strawman/vagetableSale/MyDataViewController.swift"; sourceTree = "<group>"; };
		91E8E58E1C4D29D5002E587A /* Images.xcassets */ = {isa = PBXFileReference; lastKnownFileType = folder.assetcatalog; path = Images.xcassets; sourceTree = "<group>"; };
		91FFD4141C4CA81000E93E72 /* Strawman.app */ = {isa = PBXFileReference; explicitFileType = wrapper.application; includeInIndex = 0; path = Strawman.app; sourceTree = BUILT_PRODUCTS_DIR; };
		91FFD4291C4CA86400E93E72 /* Assets.xcassets */ = {isa = PBXFileReference; lastKnownFileType = folder.assetcatalog; path = Assets.xcassets; sourceTree = "<group>"; };
		91FFD42A1C4CA86400E93E72 /* LaunchScreen.storyboard */ = {isa = PBXFileReference; fileEncoding = 4; lastKnownFileType = file.storyboard; path = LaunchScreen.storyboard; sourceTree = "<group>"; };
		91FFD42B1C4CA86400E93E72 /* Info.plist */ = {isa = PBXFileReference; fileEncoding = 4; lastKnownFileType = text.plist.xml; path = Info.plist; sourceTree = "<group>"; };
		A5B2C445A61D1644B875AEF2 /* Pods_Strawman.framework */ = {isa = PBXFileReference; explicitFileType = wrapper.framework; includeInIndex = 0; path = Pods_Strawman.framework; sourceTree = BUILT_PRODUCTS_DIR; };
		F76447A45D41F98A4B46B5B3 /* Pods-Strawman.release.xcconfig */ = {isa = PBXFileReference; includeInIndex = 1; lastKnownFileType = text.xcconfig; name = "Pods-Strawman.release.xcconfig"; path = "Pods/Target Support Files/Pods-Strawman/Pods-Strawman.release.xcconfig"; sourceTree = "<group>"; };
/* End PBXFileReference section */

/* Begin PBXFrameworksBuildPhase section */
		91FFD4111C4CA81000E93E72 /* Frameworks */ = {
			isa = PBXFrameworksBuildPhase;
			buildActionMask = 2147483647;
			files = (
				748ACCB6E1BCBA91CA2DC5F1 /* Pods_Strawman.framework in Frameworks */,
			);
			runOnlyForDeploymentPostprocessing = 0;
		};
/* End PBXFrameworksBuildPhase section */

/* Begin PBXGroup section */
		73EF2EBC73B8FFDE27BAFF6D /* Pods */ = {
			isa = PBXGroup;
			children = (
				0D2F3AA976FA26695CC97CB5 /* Pods-Strawman.debug.xcconfig */,
				F76447A45D41F98A4B46B5B3 /* Pods-Strawman.release.xcconfig */,
			);
			name = Pods;
			sourceTree = "<group>";
		};
		91FFD40B1C4CA81000E93E72 = {
			isa = PBXGroup;
			children = (
				91FFD4161C4CA81000E93E72 /* Strawman */,
				91FFD4151C4CA81000E93E72 /* Products */,
				73EF2EBC73B8FFDE27BAFF6D /* Pods */,
				F98DD07F82DB18B761A671D0 /* Frameworks */,
			);
			sourceTree = "<group>";
		};
		91FFD4151C4CA81000E93E72 /* Products */ = {
			isa = PBXGroup;
			children = (
				91FFD4141C4CA81000E93E72 /* Strawman.app */,
			);
			name = Products;
			sourceTree = "<group>";
		};
		91FFD4161C4CA81000E93E72 /* Strawman */ = {
			isa = PBXGroup;
			children = (
				91FFD44C1C4CA88B00E93E72 /* ViewController */,
				91AD20101C4CB4A5004A6480 /* Main.storyboard */,
				91AD1FE81C4CB2BA004A6480 /* AppDelegate.swift */,
				91E8E58E1C4D29D5002E587A /* Images.xcassets */,
				91FFD4291C4CA86400E93E72 /* Assets.xcassets */,
				91FFD42A1C4CA86400E93E72 /* LaunchScreen.storyboard */,
				91E8E5341C4D123C002E587A /* Strawman-Bridging-Header.h */,
				91FFD42B1C4CA86400E93E72 /* Info.plist */,
			);
			path = Strawman;
			sourceTree = "<group>";
		};
		91FFD44A1C4CA88B00E93E72 /* Data */ = {
			isa = PBXGroup;
			children = (
				91AD20081C4CB416004A6480 /* vagetable.swift */,
				91AD200E1C4CB43F004A6480 /* DataModal.swift */,
				91AD20091C4CB416004A6480 /* vageList.swift */,
			);
			name = Data;
			sourceTree = "<group>";
		};
		91FFD44C1C4CA88B00E93E72 /* ViewController */ = {
			isa = PBXGroup;
			children = (
				91E8E5701C4D2954002E587A /* FbLoginViewController.swift */,
				91E8E5711C4D2954002E587A /* BuyStep1ViewController.swift */,
				91E8E5721C4D2954002E587A /* AboutMeNavController.swift */,
				91E8E5731C4D2954002E587A /* MapViewController.swift */,
				91E8E5741C4D2954002E587A /* tabBarController.swift */,
				91E8E5751C4D2954002E587A /* F-BLoginViewController-old.swift */,
				91E8E5761C4D2954002E587A /* MyAnnotation.swift */,
				91E8E5771C4D2954002E587A /* AboutMetableViewController.swift */,
				91E8E5781C4D2954002E587A /* CookOnlieTableViewController.swift */,
				91E8E5791C4D2954002E587A /* CookTableViewCell.swift */,
				91E8E57A1C4D2954002E587A /* CookTableViewCell.xib */,
				91E8E57B1C4D2954002E587A /* ForCookNavController.swift */,
				91E8E57C1C4D2954002E587A /* CookMovieViewController.swift */,
				91E8E57D1C4D2954002E587A /* MyOrderTableViewController.swift */,
				91E8E57E1C4D2954002E587A /* MyDataViewController.swift */,
				91FFD44A1C4CA88B00E93E72 /* Data */,
			);
			name = ViewController;
			path = ../../../Strawman/vagetableSale;
			sourceTree = "<group>";
		};
		F98DD07F82DB18B761A671D0 /* Frameworks */ = {
			isa = PBXGroup;
			children = (
				A5B2C445A61D1644B875AEF2 /* Pods_Strawman.framework */,
			);
			name = Frameworks;
			sourceTree = "<group>";
		};
/* End PBXGroup section */

/* Begin PBXNativeTarget section */
		91FFD4131C4CA81000E93E72 /* Strawman */ = {
			isa = PBXNativeTarget;
			buildConfigurationList = 91FFD4261C4CA81000E93E72 /* Build configuration list for PBXNativeTarget "Strawman" */;
			buildPhases = (
				B7BAE90BCF7E75C4847BD991 /* Check Pods Manifest.lock */,
				91FFD4101C4CA81000E93E72 /* Sources */,
				91FFD4111C4CA81000E93E72 /* Frameworks */,
				91FFD4121C4CA81000E93E72 /* Resources */,
				B027861031DABBD9FA794E3E /* Embed Pods Frameworks */,
				265F8369E1BA2CA05A6FAE48 /* Copy Pods Resources */,
			);
			buildRules = (
			);
			dependencies = (
			);
			name = Strawman;
			productName = Strawman;
			productReference = 91FFD4141C4CA81000E93E72 /* Strawman.app */;
			productType = "com.apple.product-type.application";
		};
/* End PBXNativeTarget section */

/* Begin PBXProject section */
		91FFD40C1C4CA81000E93E72 /* Project object */ = {
			isa = PBXProject;
			attributes = {
				LastSwiftUpdateCheck = 0720;
				LastUpgradeCheck = 0720;
				ORGANIZATIONNAME = alphacamp;
				TargetAttributes = {
					91FFD4131C4CA81000E93E72 = {
						CreatedOnToolsVersion = 7.2;
						DevelopmentTeam = 8H7X36TF25;
						SystemCapabilities = {
							com.apple.Push = {
								enabled = 1;
							};
						};
					};
				};
			};
			buildConfigurationList = 91FFD40F1C4CA81000E93E72 /* Build configuration list for PBXProject "Strawman" */;
			compatibilityVersion = "Xcode 3.2";
			developmentRegion = English;
			hasScannedForEncodings = 0;
			knownRegions = (
				en,
				Base,
			);
			mainGroup = 91FFD40B1C4CA81000E93E72;
			productRefGroup = 91FFD4151C4CA81000E93E72 /* Products */;
			projectDirPath = "";
			projectRoot = "";
			targets = (
				91FFD4131C4CA81000E93E72 /* Strawman */,
			);
		};
/* End PBXProject section */

/* Begin PBXResourcesBuildPhase section */
		91FFD4121C4CA81000E93E72 /* Resources */ = {
			isa = PBXResourcesBuildPhase;
			buildActionMask = 2147483647;
			files = (
				91FFD42D1C4CA86400E93E72 /* Assets.xcassets in Resources */,
				91E8E58F1C4D29D5002E587A /* Images.xcassets in Resources */,
				91AD20111C4CB4A5004A6480 /* Main.storyboard in Resources */,
				91E8E5891C4D2954002E587A /* CookTableViewCell.xib in Resources */,
				91FFD42E1C4CA86400E93E72 /* LaunchScreen.storyboard in Resources */,
			);
			runOnlyForDeploymentPostprocessing = 0;
		};
/* End PBXResourcesBuildPhase section */

/* Begin PBXShellScriptBuildPhase section */
		265F8369E1BA2CA05A6FAE48 /* Copy Pods Resources */ = {
			isa = PBXShellScriptBuildPhase;
			buildActionMask = 2147483647;
			files = (
			);
			inputPaths = (
			);
			name = "Copy Pods Resources";
			outputPaths = (
			);
			runOnlyForDeploymentPostprocessing = 0;
			shellPath = /bin/sh;
			shellScript = "\"${SRCROOT}/Pods/Target Support Files/Pods-Strawman/Pods-Strawman-resources.sh\"\n";
			showEnvVarsInLog = 0;
		};
		B027861031DABBD9FA794E3E /* Embed Pods Frameworks */ = {
			isa = PBXShellScriptBuildPhase;
			buildActionMask = 2147483647;
			files = (
			);
			inputPaths = (
			);
			name = "Embed Pods Frameworks";
			outputPaths = (
			);
			runOnlyForDeploymentPostprocessing = 0;
			shellPath = /bin/sh;
			shellScript = "\"${SRCROOT}/Pods/Target Support Files/Pods-Strawman/Pods-Strawman-frameworks.sh\"\n";
			showEnvVarsInLog = 0;
		};
		B7BAE90BCF7E75C4847BD991 /* Check Pods Manifest.lock */ = {
			isa = PBXShellScriptBuildPhase;
			buildActionMask = 2147483647;
			files = (
			);
			inputPaths = (
			);
			name = "Check Pods Manifest.lock";
			outputPaths = (
			);
			runOnlyForDeploymentPostprocessing = 0;
			shellPath = /bin/sh;
			shellScript = "diff \"${PODS_ROOT}/../Podfile.lock\" \"${PODS_ROOT}/Manifest.lock\" > /dev/null\nif [[ $? != 0 ]] ; then\n    cat << EOM\nerror: The sandbox is not in sync with the Podfile.lock. Run 'pod install' or update your CocoaPods installation.\nEOM\n    exit 1\nfi\n";
			showEnvVarsInLog = 0;
		};
/* End PBXShellScriptBuildPhase section */

/* Begin PBXSourcesBuildPhase section */
		91FFD4101C4CA81000E93E72 /* Sources */ = {
			isa = PBXSourcesBuildPhase;
			buildActionMask = 2147483647;
			files = (
				91E8E5811C4D2954002E587A /* AboutMeNavController.swift in Sources */,
				91E8E5851C4D2954002E587A /* MyAnnotation.swift in Sources */,
				91E8E5861C4D2954002E587A /* AboutMetableViewController.swift in Sources */,
				91E8E58B1C4D2954002E587A /* CookMovieViewController.swift in Sources */,
				91E8E58A1C4D2954002E587A /* ForCookNavController.swift in Sources */,
				91E8E5871C4D2954002E587A /* CookOnlieTableViewController.swift in Sources */,
				91E8E57F1C4D2954002E587A /* FbLoginViewController.swift in Sources */,
				91AD200F1C4CB43F004A6480 /* DataModal.swift in Sources */,
				91AD200B1C4CB416004A6480 /* vagetable.swift in Sources */,
				91E8E5841C4D2954002E587A /* F-BLoginViewController-old.swift in Sources */,
				91AD1FE91C4CB2BA004A6480 /* AppDelegate.swift in Sources */,
				91E8E5881C4D2954002E587A /* CookTableViewCell.swift in Sources */,
				91AD200C1C4CB416004A6480 /* vageList.swift in Sources */,
				91E8E5801C4D2954002E587A /* BuyStep1ViewController.swift in Sources */,
				91E8E58D1C4D2954002E587A /* MyDataViewController.swift in Sources */,
				91E8E5831C4D2954002E587A /* tabBarController.swift in Sources */,
				91E8E5821C4D2954002E587A /* MapViewController.swift in Sources */,
				91E8E58C1C4D2954002E587A /* MyOrderTableViewController.swift in Sources */,
			);
			runOnlyForDeploymentPostprocessing = 0;
		};
/* End PBXSourcesBuildPhase section */

/* Begin XCBuildConfiguration section */
		91FFD4241C4CA81000E93E72 /* Debug */ = {
			isa = XCBuildConfiguration;
			buildSettings = {
				ALWAYS_SEARCH_USER_PATHS = NO;
				CLANG_CXX_LANGUAGE_STANDARD = "gnu++0x";
				CLANG_CXX_LIBRARY = "libc++";
				CLANG_ENABLE_MODULES = YES;
				CLANG_ENABLE_OBJC_ARC = YES;
				CLANG_WARN_BOOL_CONVERSION = YES;
				CLANG_WARN_CONSTANT_CONVERSION = YES;
				CLANG_WARN_DIRECT_OBJC_ISA_USAGE = YES_ERROR;
				CLANG_WARN_EMPTY_BODY = YES;
				CLANG_WARN_ENUM_CONVERSION = YES;
				CLANG_WARN_INT_CONVERSION = YES;
				CLANG_WARN_OBJC_ROOT_CLASS = YES_ERROR;
				CLANG_WARN_UNREACHABLE_CODE = YES;
				CLANG_WARN__DUPLICATE_METHOD_MATCH = YES;
				"CODE_SIGN_IDENTITY[sdk=iphoneos*]" = "iPhone Developer";
				COPY_PHASE_STRIP = NO;
				DEBUG_INFORMATION_FORMAT = dwarf;
				ENABLE_STRICT_OBJC_MSGSEND = YES;
				ENABLE_TESTABILITY = YES;
				GCC_C_LANGUAGE_STANDARD = gnu99;
				GCC_DYNAMIC_NO_PIC = NO;
				GCC_NO_COMMON_BLOCKS = YES;
				GCC_OPTIMIZATION_LEVEL = 0;
				GCC_PREPROCESSOR_DEFINITIONS = (
					"DEBUG=1",
					"$(inherited)",
				);
				GCC_WARN_64_TO_32_BIT_CONVERSION = YES;
				GCC_WARN_ABOUT_RETURN_TYPE = YES_ERROR;
				GCC_WARN_UNDECLARED_SELECTOR = YES;
				GCC_WARN_UNINITIALIZED_AUTOS = YES_AGGRESSIVE;
				GCC_WARN_UNUSED_FUNCTION = YES;
				GCC_WARN_UNUSED_VARIABLE = YES;
				IPHONEOS_DEPLOYMENT_TARGET = 9.2;
				MTL_ENABLE_DEBUG_INFO = YES;
				ONLY_ACTIVE_ARCH = YES;
				SDKROOT = iphoneos;
				SWIFT_OPTIMIZATION_LEVEL = "-Onone";
			};
			name = Debug;
		};
		91FFD4251C4CA81000E93E72 /* Release */ = {
			isa = XCBuildConfiguration;
			buildSettings = {
				ALWAYS_SEARCH_USER_PATHS = NO;
				CLANG_CXX_LANGUAGE_STANDARD = "gnu++0x";
				CLANG_CXX_LIBRARY = "libc++";
				CLANG_ENABLE_MODULES = YES;
				CLANG_ENABLE_OBJC_ARC = YES;
				CLANG_WARN_BOOL_CONVERSION = YES;
				CLANG_WARN_CONSTANT_CONVERSION = YES;
				CLANG_WARN_DIRECT_OBJC_ISA_USAGE = YES_ERROR;
				CLANG_WARN_EMPTY_BODY = YES;
				CLANG_WARN_ENUM_CONVERSION = YES;
				CLANG_WARN_INT_CONVERSION = YES;
				CLANG_WARN_OBJC_ROOT_CLASS = YES_ERROR;
				CLANG_WARN_UNREACHABLE_CODE = YES;
				CLANG_WARN__DUPLICATE_METHOD_MATCH = YES;
				"CODE_SIGN_IDENTITY[sdk=iphoneos*]" = "iPhone Developer";
				COPY_PHASE_STRIP = NO;
				DEBUG_INFORMATION_FORMAT = "dwarf-with-dsym";
				ENABLE_NS_ASSERTIONS = NO;
				ENABLE_STRICT_OBJC_MSGSEND = YES;
				GCC_C_LANGUAGE_STANDARD = gnu99;
				GCC_NO_COMMON_BLOCKS = YES;
				GCC_WARN_64_TO_32_BIT_CONVERSION = YES;
				GCC_WARN_ABOUT_RETURN_TYPE = YES_ERROR;
				GCC_WARN_UNDECLARED_SELECTOR = YES;
				GCC_WARN_UNINITIALIZED_AUTOS = YES_AGGRESSIVE;
				GCC_WARN_UNUSED_FUNCTION = YES;
				GCC_WARN_UNUSED_VARIABLE = YES;
				IPHONEOS_DEPLOYMENT_TARGET = 9.2;
				MTL_ENABLE_DEBUG_INFO = NO;
				SDKROOT = iphoneos;
				VALIDATE_PRODUCT = YES;
			};
			name = Release;
		};
		91FFD4271C4CA81000E93E72 /* Debug */ = {
			isa = XCBuildConfiguration;
			baseConfigurationReference = 0D2F3AA976FA26695CC97CB5 /* Pods-Strawman.debug.xcconfig */;
			buildSettings = {
				ASSETCATALOG_COMPILER_APPICON_NAME = AppIcon;
				ASSETCATALOG_COMPILER_LAUNCHIMAGE_NAME = "Brand Assets";
				CLANG_ENABLE_MODULES = YES;
				CODE_SIGN_IDENTITY = "iPhone Developer";
				INFOPLIST_FILE = Strawman/Info.plist;
				LD_RUNPATH_SEARCH_PATHS = "$(inherited) @executable_path/Frameworks";
				PRODUCT_BUNDLE_IDENTIFIER = com.alphacamp.Strawman;
				PRODUCT_NAME = "$(TARGET_NAME)";
				SWIFT_OBJC_BRIDGING_HEADER = "Strawman/Strawman-Bridging-Header.h";
				SWIFT_OPTIMIZATION_LEVEL = "-Onone";
			};
			name = Debug;
		};
		91FFD4281C4CA81000E93E72 /* Release */ = {
			isa = XCBuildConfiguration;
			baseConfigurationReference = F76447A45D41F98A4B46B5B3 /* Pods-Strawman.release.xcconfig */;
			buildSettings = {
				ASSETCATALOG_COMPILER_APPICON_NAME = AppIcon;
				ASSETCATALOG_COMPILER_LAUNCHIMAGE_NAME = "Brand Assets";
				CLANG_ENABLE_MODULES = YES;
				CODE_SIGN_IDENTITY = "iPhone Developer";
				INFOPLIST_FILE = Strawman/Info.plist;
				LD_RUNPATH_SEARCH_PATHS = "$(inherited) @executable_path/Frameworks";
				PRODUCT_BUNDLE_IDENTIFIER = com.alphacamp.Strawman;
				PRODUCT_NAME = "$(TARGET_NAME)";
				SWIFT_OBJC_BRIDGING_HEADER = "Strawman/Strawman-Bridging-Header.h";
			};
			name = Release;
		};
/* End XCBuildConfiguration section */

/* Begin XCConfigurationList section */
		91FFD40F1C4CA81000E93E72 /* Build configuration list for PBXProject "Strawman" */ = {
			isa = XCConfigurationList;
			buildConfigurations = (
				91FFD4241C4CA81000E93E72 /* Debug */,
				91FFD4251C4CA81000E93E72 /* Release */,
			);
			defaultConfigurationIsVisible = 0;
			defaultConfigurationName = Debug;
		};
		91FFD4261C4CA81000E93E72 /* Build configuration list for PBXNativeTarget "Strawman" */ = {
			isa = XCConfigurationList;
			buildConfigurations = (
				91FFD4271C4CA81000E93E72 /* Debug */,
				91FFD4281C4CA81000E93E72 /* Release */,
			);
			defaultConfigurationIsVisible = 0;
			defaultConfigurationName = Debug;
		};
/* End XCConfigurationList section */
	};
	rootObject = 91FFD40C1C4CA81000E93E72 /* Project object */;
}
